
Microsoft Visual Studio Solution File, Format Version 12.00
# Visual Studio 2012
Project("{FAE04EC0-301F-11D3-BF4B-00C04F79EFBC}") = "Akanonda", "Akanonda\Akanonda.csproj", "{EFDF0531-F2C5-4B0E-87CF-F1A6D486BE8D}"
EndProject
Global
	GlobalSection(SolutionConfigurationPlatforms) = preSolution
		Debug|Any CPU = Debug|Any CPU
		Release|Any CPU = Release|Any CPU
	EndGlobalSection
	GlobalSection(ProjectConfigurationPlatforms) = postSolution
		{EFDF0531-F2C5-4B0E-87CF-F1A6D486BE8D}.Debug|Any CPU.ActiveCfg = Debug|Any CPU
		{EFDF0531-F2C5-4B0E-87CF-F1A6D486BE8D}.Debug|Any CPU.Build.0 = Debug|Any CPU
		{EFDF0531-F2C5-4B0E-87CF-F1A6D486BE8D}.Release|Any CPU.ActiveCfg = Release|Any CPU
		{EFDF0531-F2C5-4B0E-87CF-F1A6D486BE8D}.Release|Any CPU.Build.0 = Release|Any CPU
	EndGlobalSection
	GlobalSection(SolutionProperties) = preSolution
		HideSolutionNode = FALSE
	EndGlobalSection
EndGlobal
